// !$*UTF8*$!
{
	archiveVersion = 1;
	classes = {
	};
	objectVersion = 55;
	objects = {

/* Begin PBXBuildFile section */
		A29B16D72802CAFE00E8B195 /* LoginPageView.swift in Sources */ = {isa = PBXBuildFile; fileRef = A29B16D62802CAFE00E8B195 /* LoginPageView.swift */; };
		A29B16DB2803BD2B00E8B195 /* SignUpPageView.swift in Sources */ = {isa = PBXBuildFile; fileRef = A29B16DA2803BD2B00E8B195 /* SignUpPageView.swift */; };
		A29B16DD2803BD4B00E8B195 /* SignUpPageViewModel.swift in Sources */ = {isa = PBXBuildFile; fileRef = A29B16DC2803BD4B00E8B195 /* SignUpPageViewModel.swift */; };
		A8095B2327FD1BEF00B01CD1 /* HaroApp.swift in Sources */ = {isa = PBXBuildFile; fileRef = A8095B2227FD1BEF00B01CD1 /* HaroApp.swift */; };
		A8095B2727FD1BF000B01CD1 /* Assets.xcassets in Resources */ = {isa = PBXBuildFile; fileRef = A8095B2627FD1BF000B01CD1 /* Assets.xcassets */; };
		A8095B2A27FD1BF100B01CD1 /* Preview Assets.xcassets in Resources */ = {isa = PBXBuildFile; fileRef = A8095B2927FD1BF100B01CD1 /* Preview Assets.xcassets */; };
		A8095B3827FD219200B01CD1 /* MapView.swift in Sources */ = {isa = PBXBuildFile; fileRef = A8095B3727FD219200B01CD1 /* MapView.swift */; };
		A8095B3A27FD21BA00B01CD1 /* StoryWriteView.swift in Sources */ = {isa = PBXBuildFile; fileRef = A8095B3927FD21BA00B01CD1 /* StoryWriteView.swift */; };
		A8095B3C27FD21D200B01CD1 /* StoryView.swift in Sources */ = {isa = PBXBuildFile; fileRef = A8095B3B27FD21D200B01CD1 /* StoryView.swift */; };
		A8095B3E27FD21DC00B01CD1 /* CommunityView.swift in Sources */ = {isa = PBXBuildFile; fileRef = A8095B3D27FD21DC00B01CD1 /* CommunityView.swift */; };
		A8095B4027FD21E900B01CD1 /* CommunityListView.swift in Sources */ = {isa = PBXBuildFile; fileRef = A8095B3F27FD21E900B01CD1 /* CommunityListView.swift */; };
		A8095B4227FD220800B01CD1 /* CommunityWriteView.swift in Sources */ = {isa = PBXBuildFile; fileRef = A8095B4127FD220800B01CD1 /* CommunityWriteView.swift */; };
		A8095B4427FD223B00B01CD1 /* CommunityPostView.swift in Sources */ = {isa = PBXBuildFile; fileRef = A8095B4327FD223B00B01CD1 /* CommunityPostView.swift */; };
		A8095B4627FD224500B01CD1 /* MyPageView.swift in Sources */ = {isa = PBXBuildFile; fileRef = A8095B4527FD224500B01CD1 /* MyPageView.swift */; };
		A8095B4827FDD64E00B01CD1 /* CameraViewModel.swift in Sources */ = {isa = PBXBuildFile; fileRef = A8095B4727FDD64E00B01CD1 /* CameraViewModel.swift */; };
		A8250D6627FEC43C00599605 /* CategoryViewModel.swift in Sources */ = {isa = PBXBuildFile; fileRef = A8250D6527FEC43C00599605 /* CategoryViewModel.swift */; };
		A82ED57827FFE892002926BB /* CommunityCategory.swift in Sources */ = {isa = PBXBuildFile; fileRef = A82ED57727FFE892002926BB /* CommunityCategory.swift */; };
		A8B3C8C92800632F004D3841 /* CommunityEntity.swift in Sources */ = {isa = PBXBuildFile; fileRef = A8B3C8C82800632F004D3841 /* CommunityEntity.swift */; };
		C733A0002803016B00BADF48 /* StoryCategory.swift in Sources */ = {isa = PBXBuildFile; fileRef = C7339FFF2803016B00BADF48 /* StoryCategory.swift */; };
		C733A00228031E7000BADF48 /* RawData.xcassets in Resources */ = {isa = PBXBuildFile; fileRef = C733A00128031E7000BADF48 /* RawData.xcassets */; };
		C779FB3827FDA7E100671D13 /* MainView.swift in Sources */ = {isa = PBXBuildFile; fileRef = C779FB3727FDA7E100671D13 /* MainView.swift */; };
		C796F81E27FDCB470062C141 /* MapButtonView.swift in Sources */ = {isa = PBXBuildFile; fileRef = C796F81D27FDCB470062C141 /* MapButtonView.swift */; };
		C796F82227FDD4370062C141 /* SelectCategoryView.swift in Sources */ = {isa = PBXBuildFile; fileRef = C796F82127FDD4370062C141 /* SelectCategoryView.swift */; };
		C7E5F0392803D07F00705810 /* StoryEntity.swift in Sources */ = {isa = PBXBuildFile; fileRef = C7E5F0382803D07F00705810 /* StoryEntity.swift */; };
		C7E5F03B2803D56C00705810 /* StoryRawData.json in Resources */ = {isa = PBXBuildFile; fileRef = C7E5F03A2803D56C00705810 /* StoryRawData.json */; };
/* End PBXBuildFile section */

/* Begin PBXFileReference section */
		A29B16D62802CAFE00E8B195 /* LoginPageView.swift */ = {isa = PBXFileReference; lastKnownFileType = sourcecode.swift; path = LoginPageView.swift; sourceTree = "<group>"; };
		A29B16DA2803BD2B00E8B195 /* SignUpPageView.swift */ = {isa = PBXFileReference; lastKnownFileType = sourcecode.swift; path = SignUpPageView.swift; sourceTree = "<group>"; };
		A29B16DC2803BD4B00E8B195 /* SignUpPageViewModel.swift */ = {isa = PBXFileReference; lastKnownFileType = sourcecode.swift; path = SignUpPageViewModel.swift; sourceTree = "<group>"; };
		A8095B1F27FD1BEF00B01CD1 /* Haro.app */ = {isa = PBXFileReference; explicitFileType = wrapper.application; includeInIndex = 0; path = Haro.app; sourceTree = BUILT_PRODUCTS_DIR; };
		A8095B2227FD1BEF00B01CD1 /* HaroApp.swift */ = {isa = PBXFileReference; lastKnownFileType = sourcecode.swift; path = HaroApp.swift; sourceTree = "<group>"; };
		A8095B2627FD1BF000B01CD1 /* Assets.xcassets */ = {isa = PBXFileReference; lastKnownFileType = folder.assetcatalog; path = Assets.xcassets; sourceTree = "<group>"; };
		A8095B2927FD1BF100B01CD1 /* Preview Assets.xcassets */ = {isa = PBXFileReference; lastKnownFileType = folder.assetcatalog; path = "Preview Assets.xcassets"; sourceTree = "<group>"; };
		A8095B3027FD1C2200B01CD1 /* Info.plist */ = {isa = PBXFileReference; lastKnownFileType = text.plist.xml; path = Info.plist; sourceTree = "<group>"; };
		A8095B3727FD219200B01CD1 /* MapView.swift */ = {isa = PBXFileReference; lastKnownFileType = sourcecode.swift; path = MapView.swift; sourceTree = "<group>"; };
		A8095B3927FD21BA00B01CD1 /* StoryWriteView.swift */ = {isa = PBXFileReference; lastKnownFileType = sourcecode.swift; path = StoryWriteView.swift; sourceTree = "<group>"; };
		A8095B3B27FD21D200B01CD1 /* StoryView.swift */ = {isa = PBXFileReference; lastKnownFileType = sourcecode.swift; path = StoryView.swift; sourceTree = "<group>"; };
		A8095B3D27FD21DC00B01CD1 /* CommunityView.swift */ = {isa = PBXFileReference; lastKnownFileType = sourcecode.swift; path = CommunityView.swift; sourceTree = "<group>"; };
		A8095B3F27FD21E900B01CD1 /* CommunityListView.swift */ = {isa = PBXFileReference; lastKnownFileType = sourcecode.swift; path = CommunityListView.swift; sourceTree = "<group>"; };
		A8095B4127FD220800B01CD1 /* CommunityWriteView.swift */ = {isa = PBXFileReference; lastKnownFileType = sourcecode.swift; path = CommunityWriteView.swift; sourceTree = "<group>"; };
		A8095B4327FD223B00B01CD1 /* CommunityPostView.swift */ = {isa = PBXFileReference; lastKnownFileType = sourcecode.swift; path = CommunityPostView.swift; sourceTree = "<group>"; };
		A8095B4527FD224500B01CD1 /* MyPageView.swift */ = {isa = PBXFileReference; lastKnownFileType = sourcecode.swift; path = MyPageView.swift; sourceTree = "<group>"; };
		A8095B4727FDD64E00B01CD1 /* CameraViewModel.swift */ = {isa = PBXFileReference; lastKnownFileType = sourcecode.swift; path = CameraViewModel.swift; sourceTree = "<group>"; };
		A8250D6527FEC43C00599605 /* CategoryViewModel.swift */ = {isa = PBXFileReference; fileEncoding = 4; lastKnownFileType = sourcecode.swift; path = CategoryViewModel.swift; sourceTree = "<group>"; };
		A82ED57727FFE892002926BB /* CommunityCategory.swift */ = {isa = PBXFileReference; lastKnownFileType = sourcecode.swift; path = CommunityCategory.swift; sourceTree = "<group>"; };
		A8B3C8C82800632F004D3841 /* CommunityEntity.swift */ = {isa = PBXFileReference; lastKnownFileType = sourcecode.swift; path = CommunityEntity.swift; sourceTree = "<group>"; };
		C7339FFF2803016B00BADF48 /* StoryCategory.swift */ = {isa = PBXFileReference; lastKnownFileType = sourcecode.swift; path = StoryCategory.swift; sourceTree = "<group>"; };
		C733A00128031E7000BADF48 /* RawData.xcassets */ = {isa = PBXFileReference; lastKnownFileType = folder.assetcatalog; path = RawData.xcassets; sourceTree = "<group>"; };
		C779FB3727FDA7E100671D13 /* MainView.swift */ = {isa = PBXFileReference; lastKnownFileType = sourcecode.swift; path = MainView.swift; sourceTree = "<group>"; };
		C796F81D27FDCB470062C141 /* MapButtonView.swift */ = {isa = PBXFileReference; lastKnownFileType = sourcecode.swift; path = MapButtonView.swift; sourceTree = "<group>"; };
		C796F82127FDD4370062C141 /* SelectCategoryView.swift */ = {isa = PBXFileReference; lastKnownFileType = sourcecode.swift; path = SelectCategoryView.swift; sourceTree = "<group>"; };
		C7E5F0382803D07F00705810 /* StoryEntity.swift */ = {isa = PBXFileReference; lastKnownFileType = sourcecode.swift; path = StoryEntity.swift; sourceTree = "<group>"; };
		C7E5F03A2803D56C00705810 /* StoryRawData.json */ = {isa = PBXFileReference; fileEncoding = 4; lastKnownFileType = text.json; path = StoryRawData.json; sourceTree = "<group>"; };
/* End PBXFileReference section */

/* Begin PBXFrameworksBuildPhase section */
		A8095B1C27FD1BEF00B01CD1 /* Frameworks */ = {
			isa = PBXFrameworksBuildPhase;
			buildActionMask = 2147483647;
			files = (
			);
			runOnlyForDeploymentPostprocessing = 0;
		};
/* End PBXFrameworksBuildPhase section */

/* Begin PBXGroup section */
		A8095B1627FD1BEF00B01CD1 = {
			isa = PBXGroup;
			children = (
				A8095B2127FD1BEF00B01CD1 /* Haro */,
				A8095B2027FD1BEF00B01CD1 /* Products */,
			);
			sourceTree = "<group>";
		};
		A8095B2027FD1BEF00B01CD1 /* Products */ = {
			isa = PBXGroup;
			children = (
				A8095B1F27FD1BEF00B01CD1 /* Haro.app */,
			);
			name = Products;
			sourceTree = "<group>";
		};
		A8095B2127FD1BEF00B01CD1 /* Haro */ = {
			isa = PBXGroup;
			children = (
				A8095B3427FD1CBB00B01CD1 /* SupportingFiles */,
				A8B3C8C728006310004D3841 /* Entity */,
				A82ED57627FFE87B002926BB /* Model */,
				A8095B3227FD1CB100B01CD1 /* ViewModel */,
				A8095B3127FD1CAC00B01CD1 /* View */,
			);
			path = Haro;
			sourceTree = "<group>";
		};
		A8095B2827FD1BF100B01CD1 /* Preview Content */ = {
			isa = PBXGroup;
			children = (
				A8095B2927FD1BF100B01CD1 /* Preview Assets.xcassets */,
			);
			path = "Preview Content";
			sourceTree = "<group>";
		};
		A8095B3127FD1CAC00B01CD1 /* View */ = {
			isa = PBXGroup;
			children = (
				C779FB3727FDA7E100671D13 /* MainView.swift */,
				A8095B3727FD219200B01CD1 /* MapView.swift */,
				A8095B3927FD21BA00B01CD1 /* StoryWriteView.swift */,
				A8095B3B27FD21D200B01CD1 /* StoryView.swift */,
				A8095B3D27FD21DC00B01CD1 /* CommunityView.swift */,
				A8095B3F27FD21E900B01CD1 /* CommunityListView.swift */,
				A8095B4127FD220800B01CD1 /* CommunityWriteView.swift */,
				A8095B4327FD223B00B01CD1 /* CommunityPostView.swift */,
				A8095B4527FD224500B01CD1 /* MyPageView.swift */,
				A29B16D62802CAFE00E8B195 /* LoginPageView.swift */,
				A29B16DA2803BD2B00E8B195 /* SignUpPageView.swift */,
			);
			path = View;
			sourceTree = "<group>";
		};
		A8095B3227FD1CB100B01CD1 /* ViewModel */ = {
			isa = PBXGroup;
			children = (
				A8250D6527FEC43C00599605 /* CategoryViewModel.swift */,
				A8095B4727FDD64E00B01CD1 /* CameraViewModel.swift */,
				C796F81D27FDCB470062C141 /* MapButtonView.swift */,
				C796F82127FDD4370062C141 /* SelectCategoryView.swift */,
				A29B16DC2803BD4B00E8B195 /* SignUpPageViewModel.swift */,
			);
			path = ViewModel;
			sourceTree = "<group>";
		};
		A8095B3427FD1CBB00B01CD1 /* SupportingFiles */ = {
			isa = PBXGroup;
			children = (
				A8095B2827FD1BF100B01CD1 /* Preview Content */,
				A8095B2227FD1BEF00B01CD1 /* HaroApp.swift */,
				A8095B3027FD1C2200B01CD1 /* Info.plist */,
				A8095B2627FD1BF000B01CD1 /* Assets.xcassets */,
				C7E5F03A2803D56C00705810 /* StoryRawData.json */,
				C733A00128031E7000BADF48 /* RawData.xcassets */,
			);
			path = SupportingFiles;
			sourceTree = "<group>";
		};
		A82ED57627FFE87B002926BB /* Model */ = {
			isa = PBXGroup;
			children = (
				A82ED57727FFE892002926BB /* CommunityCategory.swift */,
				C7339FFF2803016B00BADF48 /* StoryCategory.swift */,
			);
			path = Model;
			sourceTree = "<group>";
		};
		A8B3C8C728006310004D3841 /* Entity */ = {
			isa = PBXGroup;
			children = (
				A8B3C8C82800632F004D3841 /* CommunityEntity.swift */,
				C7E5F0382803D07F00705810 /* StoryEntity.swift */,
			);
			path = Entity;
			sourceTree = "<group>";
		};
/* End PBXGroup section */

/* Begin PBXNativeTarget section */
		A8095B1E27FD1BEF00B01CD1 /* Haro */ = {
			isa = PBXNativeTarget;
			buildConfigurationList = A8095B2D27FD1BF100B01CD1 /* Build configuration list for PBXNativeTarget "Haro" */;
			buildPhases = (
				A8095B1B27FD1BEF00B01CD1 /* Sources */,
				A8095B1C27FD1BEF00B01CD1 /* Frameworks */,
				A8095B1D27FD1BEF00B01CD1 /* Resources */,
			);
			buildRules = (
			);
			dependencies = (
			);
			name = Haro;
			productName = Haro;
			productReference = A8095B1F27FD1BEF00B01CD1 /* Haro.app */;
			productType = "com.apple.product-type.application";
		};
/* End PBXNativeTarget section */

/* Begin PBXProject section */
		A8095B1727FD1BEF00B01CD1 /* Project object */ = {
			isa = PBXProject;
			attributes = {
				BuildIndependentTargetsInParallel = 1;
				LastSwiftUpdateCheck = 1330;
				LastUpgradeCheck = 1330;
				TargetAttributes = {
					A8095B1E27FD1BEF00B01CD1 = {
						CreatedOnToolsVersion = 13.3;
					};
				};
			};
			buildConfigurationList = A8095B1A27FD1BEF00B01CD1 /* Build configuration list for PBXProject "Haro" */;
			compatibilityVersion = "Xcode 13.0";
			developmentRegion = en;
			hasScannedForEncodings = 0;
			knownRegions = (
				en,
				Base,
			);
			mainGroup = A8095B1627FD1BEF00B01CD1;
			productRefGroup = A8095B2027FD1BEF00B01CD1 /* Products */;
			projectDirPath = "";
			projectRoot = "";
			targets = (
				A8095B1E27FD1BEF00B01CD1 /* Haro */,
			);
		};
/* End PBXProject section */

/* Begin PBXResourcesBuildPhase section */
		A8095B1D27FD1BEF00B01CD1 /* Resources */ = {
			isa = PBXResourcesBuildPhase;
			buildActionMask = 2147483647;
			files = (
				A8095B2A27FD1BF100B01CD1 /* Preview Assets.xcassets in Resources */,
				C733A00228031E7000BADF48 /* RawData.xcassets in Resources */,
				C7E5F03B2803D56C00705810 /* StoryRawData.json in Resources */,
				A8095B2727FD1BF000B01CD1 /* Assets.xcassets in Resources */,
			);
			runOnlyForDeploymentPostprocessing = 0;
		};
/* End PBXResourcesBuildPhase section */

/* Begin PBXSourcesBuildPhase section */
		A8095B1B27FD1BEF00B01CD1 /* Sources */ = {
			isa = PBXSourcesBuildPhase;
			buildActionMask = 2147483647;
			files = (
				A8095B4427FD223B00B01CD1 /* CommunityPostView.swift in Sources */,
				A8095B3A27FD21BA00B01CD1 /* StoryWriteView.swift in Sources */,
				A8B3C8C92800632F004D3841 /* CommunityEntity.swift in Sources */,
				C733A0002803016B00BADF48 /* StoryCategory.swift in Sources */,
				A8095B4227FD220800B01CD1 /* CommunityWriteView.swift in Sources */,
				C7E5F0392803D07F00705810 /* StoryEntity.swift in Sources */,
				A8095B4827FDD64E00B01CD1 /* CameraViewModel.swift in Sources */,
				A8095B2327FD1BEF00B01CD1 /* HaroApp.swift in Sources */,
				A8095B4027FD21E900B01CD1 /* CommunityListView.swift in Sources */,
				A82ED57827FFE892002926BB /* CommunityCategory.swift in Sources */,
				C796F82227FDD4370062C141 /* SelectCategoryView.swift in Sources */,
				A8095B4627FD224500B01CD1 /* MyPageView.swift in Sources */,
				A8095B3C27FD21D200B01CD1 /* StoryView.swift in Sources */,
				A8250D6627FEC43C00599605 /* CategoryViewModel.swift in Sources */,
				C779FB3827FDA7E100671D13 /* MainView.swift in Sources */,
				A29B16DD2803BD4B00E8B195 /* SignUpPageViewModel.swift in Sources */,
				A8095B3E27FD21DC00B01CD1 /* CommunityView.swift in Sources */,
				A8095B3827FD219200B01CD1 /* MapView.swift in Sources */,
				A29B16DB2803BD2B00E8B195 /* SignUpPageView.swift in Sources */,
				C796F81E27FDCB470062C141 /* MapButtonView.swift in Sources */,
				A29B16D72802CAFE00E8B195 /* LoginPageView.swift in Sources */,
			);
			runOnlyForDeploymentPostprocessing = 0;
		};
/* End PBXSourcesBuildPhase section */

/* Begin XCBuildConfiguration section */
		A8095B2B27FD1BF100B01CD1 /* Debug */ = {
			isa = XCBuildConfiguration;
			buildSettings = {
				ALWAYS_SEARCH_USER_PATHS = NO;
				CLANG_ANALYZER_NONNULL = YES;
				CLANG_ANALYZER_NUMBER_OBJECT_CONVERSION = YES_AGGRESSIVE;
				CLANG_CXX_LANGUAGE_STANDARD = "gnu++17";
				CLANG_ENABLE_MODULES = YES;
				CLANG_ENABLE_OBJC_ARC = YES;
				CLANG_ENABLE_OBJC_WEAK = YES;
				CLANG_WARN_BLOCK_CAPTURE_AUTORELEASING = YES;
				CLANG_WARN_BOOL_CONVERSION = YES;
				CLANG_WARN_COMMA = YES;
				CLANG_WARN_CONSTANT_CONVERSION = YES;
				CLANG_WARN_DEPRECATED_OBJC_IMPLEMENTATIONS = YES;
				CLANG_WARN_DIRECT_OBJC_ISA_USAGE = YES_ERROR;
				CLANG_WARN_DOCUMENTATION_COMMENTS = YES;
				CLANG_WARN_EMPTY_BODY = YES;
				CLANG_WARN_ENUM_CONVERSION = YES;
				CLANG_WARN_INFINITE_RECURSION = YES;
				CLANG_WARN_INT_CONVERSION = YES;
				CLANG_WARN_NON_LITERAL_NULL_CONVERSION = YES;
				CLANG_WARN_OBJC_IMPLICIT_RETAIN_SELF = YES;
				CLANG_WARN_OBJC_LITERAL_CONVERSION = YES;
				CLANG_WARN_OBJC_ROOT_CLASS = YES_ERROR;
				CLANG_WARN_QUOTED_INCLUDE_IN_FRAMEWORK_HEADER = YES;
				CLANG_WARN_RANGE_LOOP_ANALYSIS = YES;
				CLANG_WARN_STRICT_PROTOTYPES = YES;
				CLANG_WARN_SUSPICIOUS_MOVE = YES;
				CLANG_WARN_UNGUARDED_AVAILABILITY = YES_AGGRESSIVE;
				CLANG_WARN_UNREACHABLE_CODE = YES;
				CLANG_WARN__DUPLICATE_METHOD_MATCH = YES;
				COPY_PHASE_STRIP = NO;
				DEBUG_INFORMATION_FORMAT = dwarf;
				ENABLE_STRICT_OBJC_MSGSEND = YES;
				ENABLE_TESTABILITY = YES;
				GCC_C_LANGUAGE_STANDARD = gnu11;
				GCC_DYNAMIC_NO_PIC = NO;
				GCC_NO_COMMON_BLOCKS = YES;
				GCC_OPTIMIZATION_LEVEL = 0;
				GCC_PREPROCESSOR_DEFINITIONS = (
					"DEBUG=1",
					"$(inherited)",
				);
				GCC_WARN_64_TO_32_BIT_CONVERSION = YES;
				GCC_WARN_ABOUT_RETURN_TYPE = YES_ERROR;
				GCC_WARN_UNDECLARED_SELECTOR = YES;
				GCC_WARN_UNINITIALIZED_AUTOS = YES_AGGRESSIVE;
				GCC_WARN_UNUSED_FUNCTION = YES;
				GCC_WARN_UNUSED_VARIABLE = YES;
				IPHONEOS_DEPLOYMENT_TARGET = 15.0;
				MTL_ENABLE_DEBUG_INFO = INCLUDE_SOURCE;
				MTL_FAST_MATH = YES;
				ONLY_ACTIVE_ARCH = YES;
				SDKROOT = iphoneos;
				SWIFT_ACTIVE_COMPILATION_CONDITIONS = DEBUG;
				SWIFT_OPTIMIZATION_LEVEL = "-Onone";
			};
			name = Debug;
		};
		A8095B2C27FD1BF100B01CD1 /* Release */ = {
			isa = XCBuildConfiguration;
			buildSettings = {
				ALWAYS_SEARCH_USER_PATHS = NO;
				CLANG_ANALYZER_NONNULL = YES;
				CLANG_ANALYZER_NUMBER_OBJECT_CONVERSION = YES_AGGRESSIVE;
				CLANG_CXX_LANGUAGE_STANDARD = "gnu++17";
				CLANG_ENABLE_MODULES = YES;
				CLANG_ENABLE_OBJC_ARC = YES;
				CLANG_ENABLE_OBJC_WEAK = YES;
				CLANG_WARN_BLOCK_CAPTURE_AUTORELEASING = YES;
				CLANG_WARN_BOOL_CONVERSION = YES;
				CLANG_WARN_COMMA = YES;
				CLANG_WARN_CONSTANT_CONVERSION = YES;
				CLANG_WARN_DEPRECATED_OBJC_IMPLEMENTATIONS = YES;
				CLANG_WARN_DIRECT_OBJC_ISA_USAGE = YES_ERROR;
				CLANG_WARN_DOCUMENTATION_COMMENTS = YES;
				CLANG_WARN_EMPTY_BODY = YES;
				CLANG_WARN_ENUM_CONVERSION = YES;
				CLANG_WARN_INFINITE_RECURSION = YES;
				CLANG_WARN_INT_CONVERSION = YES;
				CLANG_WARN_NON_LITERAL_NULL_CONVERSION = YES;
				CLANG_WARN_OBJC_IMPLICIT_RETAIN_SELF = YES;
				CLANG_WARN_OBJC_LITERAL_CONVERSION = YES;
				CLANG_WARN_OBJC_ROOT_CLASS = YES_ERROR;
				CLANG_WARN_QUOTED_INCLUDE_IN_FRAMEWORK_HEADER = YES;
				CLANG_WARN_RANGE_LOOP_ANALYSIS = YES;
				CLANG_WARN_STRICT_PROTOTYPES = YES;
				CLANG_WARN_SUSPICIOUS_MOVE = YES;
				CLANG_WARN_UNGUARDED_AVAILABILITY = YES_AGGRESSIVE;
				CLANG_WARN_UNREACHABLE_CODE = YES;
				CLANG_WARN__DUPLICATE_METHOD_MATCH = YES;
				COPY_PHASE_STRIP = NO;
				DEBUG_INFORMATION_FORMAT = "dwarf-with-dsym";
				ENABLE_NS_ASSERTIONS = NO;
				ENABLE_STRICT_OBJC_MSGSEND = YES;
				GCC_C_LANGUAGE_STANDARD = gnu11;
				GCC_NO_COMMON_BLOCKS = YES;
				GCC_WARN_64_TO_32_BIT_CONVERSION = YES;
				GCC_WARN_ABOUT_RETURN_TYPE = YES_ERROR;
				GCC_WARN_UNDECLARED_SELECTOR = YES;
				GCC_WARN_UNINITIALIZED_AUTOS = YES_AGGRESSIVE;
				GCC_WARN_UNUSED_FUNCTION = YES;
				GCC_WARN_UNUSED_VARIABLE = YES;
				IPHONEOS_DEPLOYMENT_TARGET = 15.0;
				MTL_ENABLE_DEBUG_INFO = NO;
				MTL_FAST_MATH = YES;
				SDKROOT = iphoneos;
				SWIFT_COMPILATION_MODE = wholemodule;
				SWIFT_OPTIMIZATION_LEVEL = "-O";
				VALIDATE_PRODUCT = YES;
			};
			name = Release;
		};
		A8095B2E27FD1BF100B01CD1 /* Debug */ = {
			isa = XCBuildConfiguration;
			buildSettings = {
				ASSETCATALOG_COMPILER_APPICON_NAME = AppIcon;
				ASSETCATALOG_COMPILER_GLOBAL_ACCENT_COLOR_NAME = AccentColor;
				CODE_SIGN_STYLE = Automatic;
				CURRENT_PROJECT_VERSION = 1;
				DEVELOPMENT_ASSET_PATHS = "\"Haro/SupportingFiles\"";
				DEVELOPMENT_TEAM = X6GW8H4RNG;
				ENABLE_PREVIEWS = YES;
				GENERATE_INFOPLIST_FILE = YES;
				INFOPLIST_FILE = Haro/SupportingFiles/Info.plist;
				INFOPLIST_KEY_CFBundleDisplayName = Haro;
				INFOPLIST_KEY_NSCameraUsageDescription = "";
				INFOPLIST_KEY_NSPhotoLibraryUsageDescription = "";
				INFOPLIST_KEY_UIApplicationSceneManifest_Generation = YES;
				INFOPLIST_KEY_UIApplicationSupportsIndirectInputEvents = YES;
				INFOPLIST_KEY_UILaunchScreen_Generation = YES;
				INFOPLIST_KEY_UISupportedInterfaceOrientations = UIInterfaceOrientationPortrait;
				INFOPLIST_KEY_UISupportedInterfaceOrientations_iPad = "UIInterfaceOrientationPortrait UIInterfaceOrientationPortraitUpsideDown UIInterfaceOrientationLandscapeLeft UIInterfaceOrientationLandscapeRight";
				INFOPLIST_KEY_UISupportedInterfaceOrientations_iPhone = "UIInterfaceOrientationPortrait UIInterfaceOrientationLandscapeLeft UIInterfaceOrientationLandscapeRight";
				INFOPLIST_KEY_UIUserInterfaceStyle = Light;
				IPHONEOS_DEPLOYMENT_TARGET = 15.0;
				LD_RUNPATH_SEARCH_PATHS = (
					"$(inherited)",
					"@executable_path/Frameworks",
				);
				MARKETING_VERSION = 1.0;
				PRODUCT_BUNDLE_IDENTIFIER = com.MVP.Haro.13;
				PRODUCT_NAME = "$(TARGET_NAME)";
				SWIFT_EMIT_LOC_STRINGS = YES;
				SWIFT_VERSION = 5.0;
				TARGETED_DEVICE_FAMILY = 1;
			};
			name = Debug;
		};
		A8095B2F27FD1BF100B01CD1 /* Release */ = {
			isa = XCBuildConfiguration;
			buildSettings = {
				ASSETCATALOG_COMPILER_APPICON_NAME = AppIcon;
				ASSETCATALOG_COMPILER_GLOBAL_ACCENT_COLOR_NAME = AccentColor;
				CODE_SIGN_STYLE = Automatic;
				CURRENT_PROJECT_VERSION = 1;
				DEVELOPMENT_ASSET_PATHS = "\"Haro/SupportingFiles\"";
				DEVELOPMENT_TEAM = X6GW8H4RNG;
				ENABLE_PREVIEWS = YES;
				GENERATE_INFOPLIST_FILE = YES;
				INFOPLIST_FILE = Haro/SupportingFiles/Info.plist;
				INFOPLIST_KEY_CFBundleDisplayName = Haro;
				INFOPLIST_KEY_NSCameraUsageDescription = "";
				INFOPLIST_KEY_NSPhotoLibraryUsageDescription = "";
				INFOPLIST_KEY_UIApplicationSceneManifest_Generation = YES;
				INFOPLIST_KEY_UIApplicationSupportsIndirectInputEvents = YES;
				INFOPLIST_KEY_UILaunchScreen_Generation = YES;
				INFOPLIST_KEY_UISupportedInterfaceOrientations = UIInterfaceOrientationPortrait;
				INFOPLIST_KEY_UISupportedInterfaceOrientations_iPad = "UIInterfaceOrientationPortrait UIInterfaceOrientationPortraitUpsideDown UIInterfaceOrientationLandscapeLeft UIInterfaceOrientationLandscapeRight";
				INFOPLIST_KEY_UISupportedInterfaceOrientations_iPhone = "UIInterfaceOrientationPortrait UIInterfaceOrientationLandscapeLeft UIInterfaceOrientationLandscapeRight";
				INFOPLIST_KEY_UIUserInterfaceStyle = Light;
				IPHONEOS_DEPLOYMENT_TARGET = 15.0;
				LD_RUNPATH_SEARCH_PATHS = (
					"$(inherited)",
					"@executable_path/Frameworks",
				);
				MARKETING_VERSION = 1.0;
				PRODUCT_BUNDLE_IDENTIFIER = com.MVP.Haro.13;
				PRODUCT_NAME = "$(TARGET_NAME)";
				SWIFT_EMIT_LOC_STRINGS = YES;
				SWIFT_VERSION = 5.0;
				TARGETED_DEVICE_FAMILY = 1;
			};
			name = Release;
		};
/* End XCBuildConfiguration section */

/* Begin XCConfigurationList section */
		A8095B1A27FD1BEF00B01CD1 /* Build configuration list for PBXProject "Haro" */ = {
			isa = XCConfigurationList;
			buildConfigurations = (
				A8095B2B27FD1BF100B01CD1 /* Debug */,
				A8095B2C27FD1BF100B01CD1 /* Release */,
			);
			defaultConfigurationIsVisible = 0;
			defaultConfigurationName = Release;
		};
		A8095B2D27FD1BF100B01CD1 /* Build configuration list for PBXNativeTarget "Haro" */ = {
			isa = XCConfigurationList;
			buildConfigurations = (
				A8095B2E27FD1BF100B01CD1 /* Debug */,
				A8095B2F27FD1BF100B01CD1 /* Release */,
			);
			defaultConfigurationIsVisible = 0;
			defaultConfigurationName = Release;
		};
/* End XCConfigurationList section */
	};
	rootObject = A8095B1727FD1BEF00B01CD1 /* Project object */;
}
